
Microsoft Visual Studio Solution File, Format Version 12.00
# Visual Studio Version 16
VisualStudioVersion = 16.0.31019.35
MinimumVisualStudioVersion = 10.0.40219.1
Project("{FAE04EC0-301F-11D3-BF4B-00C04F79EFBC}") = "ExpressionTrees", "ExpressionTrees\ExpressionTrees.csproj", "{CC992070-B67B-42DB-9687-E0A371FE4ECF}"
EndProject
Global
	GlobalSection(SolutionConfigurationPlatforms) = preSolution
		Debug|Any CPU = Debug|Any CPU
		Release|Any CPU = Release|Any CPU
	EndGlobalSection
	GlobalSection(ProjectConfigurationPlatforms) = postSolution
		{CC992070-B67B-42DB-9687-E0A371FE4ECF}.Debug|Any CPU.ActiveCfg = Debug|Any CPU
		{CC992070-B67B-42DB-9687-E0A371FE4ECF}.Debug|Any CPU.Build.0 = Debug|Any CPU
		{CC992070-B67B-42DB-9687-E0A371FE4ECF}.Release|Any CPU.ActiveCfg = Release|Any CPU
		{CC992070-B67B-42DB-9687-E0A371FE4ECF}.Release|Any CPU.Build.0 = Release|Any CPU
	EndGlobalSection
	GlobalSection(SolutionProperties) = preSolution
		HideSolutionNode = FALSE
	EndGlobalSection
	GlobalSection(ExtensibilityGlobals) = postSolution
		SolutionGuid = {19957F24-AA52-4270-A77C-ED8513CBFDB5}
	EndGlobalSection
EndGlobal
